
Microsoft Visual Studio Solution File, Format Version 12.00
# Visual Studio Version 16
VisualStudioVersion = 16.0.30621.155
MinimumVisualStudioVersion = 10.0.40219.1
Project("{9A19103F-16F7-4668-BE54-9A1E7A4F7556}") = "DebugDemo", "DebugDemo\DebugDemo.csproj", "{0A9EC1CD-B027-4070-AEA9-C3EBF4A827DD}"
EndProject
Project("{9A19103F-16F7-4668-BE54-9A1E7A4F7556}") = "ConsoleDemo", "ConsoleDemo\ConsoleDemo.csproj", "{12FCEB2E-96C4-4B26-855E-2673FFDEBB41}"
EndProject
Project("{9A19103F-16F7-4668-BE54-9A1E7A4F7556}") = "sandkasse", "sandkasse\sandkasse.csproj", "{49ABB996-7762-4486-8F07-537B2F6EF50B}"
EndProject
Project("{9A19103F-16F7-4668-BE54-9A1E7A4F7556}") = "opgave401", "opgave401\opgave401.csproj", "{CF20B41D-07A7-4E50-B293-D924CA2964FC}"
EndProject
Project("{9A19103F-16F7-4668-BE54-9A1E7A4F7556}") = "opgave481", "opgave481\opgave481.csproj", "{BB70630B-C647-4D06-BA2A-573E0ADBABFC}"
EndProject
Project("{9A19103F-16F7-4668-BE54-9A1E7A4F7556}") = "opgave50x", "opgave50x\opgave50x.csproj", "{0C0A8E72-D7DD-4CCF-9C49-91831A9BFF3C}"
EndProject
Project("{9A19103F-16F7-4668-BE54-9A1E7A4F7556}") = "opgave6012", "opgave6012\opgave6012.csproj", "{8D2E0D68-D58D-41E2-805E-08863B2E894F}"
EndProject
Project("{9A19103F-16F7-4668-BE54-9A1E7A4F7556}") = "opgave652", "opgave652\opgave652.csproj", "{36C28090-A18B-41BE-A148-BAC1A4E546B3}"
EndProject
Project("{9A19103F-16F7-4668-BE54-9A1E7A4F7556}") = "opgave751", "opgave751\opgave751.csproj", "{4CC46C07-DB38-4995-9ABF-DC5430BF81EE}"
EndProject
Project("{9A19103F-16F7-4668-BE54-9A1E7A4F7556}") = "klasserdemo", "klasserdemo\klasserdemo.csproj", "{C3A38412-2C67-4ABF-BA98-59E12CC5C7FB}"
EndProject
Project("{9A19103F-16F7-4668-BE54-9A1E7A4F7556}") = "bæger", "bæger\bæger.csproj", "{6699FFAC-C25E-48FA-B52B-E8A5B85BF611}"
EndProject
Project("{9A19103F-16F7-4668-BE54-9A1E7A4F7556}") = "structs", "structs\structs.csproj", "{3482463A-FEE7-4582-86A0-259538363C58}"
EndProject
Project("{9A19103F-16F7-4668-BE54-9A1E7A4F7556}") = "egenskaberProps", "egenskaberProps\egenskaberProps.csproj", "{25B0893F-3E3C-4B40-BDAD-ABA17396A3C6}"
EndProject
Project("{9A19103F-16F7-4668-BE54-9A1E7A4F7556}") = "fullprops", "fullprops\fullprops.csproj", "{43DBC1D4-BC03-407D-8255-64982364A238}"
EndProject
Project("{9A19103F-16F7-4668-BE54-9A1E7A4F7556}") = "automatiskEgenskaber", "automatiskEgenskaber\automatiskEgenskaber.csproj", "{89C1305A-66E3-4280-89F3-F19F2B00D779}"
EndProject
Project("{9A19103F-16F7-4668-BE54-9A1E7A4F7556}") = "autopropsTerning", "autopropsTerning\autopropsTerning.csproj", "{C2909132-F353-458D-B1A4-644D993B9519}"
EndProject
Project("{9A19103F-16F7-4668-BE54-9A1E7A4F7556}") = "arv1", "arv1\arv1.csproj", "{E51BD098-D04C-489E-99F2-EEBBFDF9A4AE}"
EndProject
Project("{9A19103F-16F7-4668-BE54-9A1E7A4F7556}") = "arvudvidet", "arvudvidet\arvudvidet.csproj", "{9D51A3A0-608E-4514-9E31-EF6EC84C698A}"
EndProject
Project("{2150E333-8FDC-42A3-9474-1A3956D46DE8}") = "Solution Items", "Solution Items", "{DEAA9C68-6568-43E2-9436-A62BDEA30A14}"
	ProjectSection(SolutionItems) = preProject
		TextFile1.txt = TextFile1.txt
	EndProjectSection
EndProject
Project("{9A19103F-16F7-4668-BE54-9A1E7A4F7556}") = "advancedTerningArv", "advancedTerningArv\advancedTerningArv.csproj", "{B598A7DC-67F5-4D88-8799-812161FDA26D}"
EndProject
Project("{9A19103F-16F7-4668-BE54-9A1E7A4F7556}") = "poly1-501", "poly1-501\poly1-501.csproj", "{117ADED1-CEC7-4934-8EE4-5C1B80DF7F55}"
EndProject
Project("{9A19103F-16F7-4668-BE54-9A1E7A4F7556}") = "poly2_502", "poly2_502\poly2_502.csproj", "{6AF9519D-CDCF-4176-AE92-449C8E9A43C1}"
EndProject
Project("{9A19103F-16F7-4668-BE54-9A1E7A4F7556}") = "polyadv105_4", "polyadv105_4\polyadv105_4.csproj", "{E8D7A7BC-19C2-41AC-BE4F-9E17797B5C19}"
EndProject
Project("{9A19103F-16F7-4668-BE54-9A1E7A4F7556}") = "interface110_1", "interface110_1\interface110_1.csproj", "{873B2535-8462-4E4F-80E0-B4E17516D5E2}"
EndProject
Project("{9A19103F-16F7-4668-BE54-9A1E7A4F7556}") = "interface110_2", "interface110_2\interface110_2.csproj", "{AA5A92D3-9941-4BA3-ADE5-3546E78F6D3F}"
EndProject
Project("{9A19103F-16F7-4668-BE54-9A1E7A4F7556}") = "delegateterning", "delegateterning\delegateterning.csproj", "{BF3459AE-6759-4F7B-ACC8-200422550D99}"
EndProject
Project("{9A19103F-16F7-4668-BE54-9A1E7A4F7556}") = "simpleregnemaskineIndBygDelegates", "simpleregnemaskineIndBygDelegates\simpleregnemaskineIndBygDelegates.csproj", "{A14D0E77-C2FF-49D8-8815-F0ECED224071}"
EndProject
Project("{9A19103F-16F7-4668-BE54-9A1E7A4F7556}") = "lamda", "lamda\lamda.csproj", "{08A3CE2E-2A54-4F42-BF27-90F1E29C6245}"
EndProject
Project("{9A19103F-16F7-4668-BE54-9A1E7A4F7556}") = "EventsFileWatcher", "EventsFileWatcher\EventsFileWatcher.csproj", "{D4BB025D-B71D-4960-A63F-5C3DCE5F1D1A}"
EndProject
Project("{9A19103F-16F7-4668-BE54-9A1E7A4F7556}") = "kreditmax", "kreditmax\kreditmax.csproj", "{3856F2D3-8080-437B-B870-C41EC6168A88}"
EndProject
Project("{9A19103F-16F7-4668-BE54-9A1E7A4F7556}") = "linq150_1", "linq150_1\linq150_1.csproj", "{8ABA9CCE-A464-47DF-955E-F8A499074C50}"
EndProject
Project("{9A19103F-16F7-4668-BE54-9A1E7A4F7556}") = "kommMedFiler", "kommMedFiler\kommMedFiler.csproj", "{21F5FF6D-B6DB-4338-8BF5-37DEA62F13E0}"
EndProject
Project("{9A19103F-16F7-4668-BE54-9A1E7A4F7556}") = "100000guids", "100000guids\100000guids.csproj", "{A5F444D0-6944-4D57-81EC-9CCA13F79B79}"
EndProject
Project("{9A19103F-16F7-4668-BE54-9A1E7A4F7556}") = "http", "http\http.csproj", "{B561F19D-6B6D-4365-BF96-8A673CC99324}"
EndProject
Project("{9A19103F-16F7-4668-BE54-9A1E7A4F7556}") = "async", "async\async.csproj", "{786A0356-BA6C-441B-8D36-18E812D7E9CE}"
EndProject
Project("{9A19103F-16F7-4668-BE54-9A1E7A4F7556}") = "async155_2", "async155_2\async155_2.csproj", "{FB098336-9A31-4C8B-9FB6-5DA7B5A74334}"
EndProject
Project("{9A19103F-16F7-4668-BE54-9A1E7A4F7556}") = "async155_3", "async155_3\async155_3.csproj", "{8936E6E8-4C47-4AE2-9307-093C07B99F7E}"
EndProject
Project("{FAE04EC0-301F-11D3-BF4B-00C04F79EFBC}") = "adv-consoleapp", "adv-consoleapp\adv-consoleapp.csproj", "{3E64DB0E-B4E0-4CA3-9279-153FE5ED69A5}"
EndProject
Global
	GlobalSection(SolutionConfigurationPlatforms) = preSolution
		Debug|Any CPU = Debug|Any CPU
		Release|Any CPU = Release|Any CPU
	EndGlobalSection
	GlobalSection(ProjectConfigurationPlatforms) = postSolution
		{0A9EC1CD-B027-4070-AEA9-C3EBF4A827DD}.Debug|Any CPU.ActiveCfg = Debug|Any CPU
		{0A9EC1CD-B027-4070-AEA9-C3EBF4A827DD}.Debug|Any CPU.Build.0 = Debug|Any CPU
		{0A9EC1CD-B027-4070-AEA9-C3EBF4A827DD}.Release|Any CPU.ActiveCfg = Release|Any CPU
		{0A9EC1CD-B027-4070-AEA9-C3EBF4A827DD}.Release|Any CPU.Build.0 = Release|Any CPU
		{12FCEB2E-96C4-4B26-855E-2673FFDEBB41}.Debug|Any CPU.ActiveCfg = Debug|Any CPU
		{12FCEB2E-96C4-4B26-855E-2673FFDEBB41}.Debug|Any CPU.Build.0 = Debug|Any CPU
		{12FCEB2E-96C4-4B26-855E-2673FFDEBB41}.Release|Any CPU.ActiveCfg = Release|Any CPU
		{12FCEB2E-96C4-4B26-855E-2673FFDEBB41}.Release|Any CPU.Build.0 = Release|Any CPU
		{49ABB996-7762-4486-8F07-537B2F6EF50B}.Debug|Any CPU.ActiveCfg = Debug|Any CPU
		{49ABB996-7762-4486-8F07-537B2F6EF50B}.Debug|Any CPU.Build.0 = Debug|Any CPU
		{49ABB996-7762-4486-8F07-537B2F6EF50B}.Release|Any CPU.ActiveCfg = Release|Any CPU
		{49ABB996-7762-4486-8F07-537B2F6EF50B}.Release|Any CPU.Build.0 = Release|Any CPU
		{CF20B41D-07A7-4E50-B293-D924CA2964FC}.Debug|Any CPU.ActiveCfg = Debug|Any CPU
		{CF20B41D-07A7-4E50-B293-D924CA2964FC}.Debug|Any CPU.Build.0 = Debug|Any CPU
		{CF20B41D-07A7-4E50-B293-D924CA2964FC}.Release|Any CPU.ActiveCfg = Release|Any CPU
		{CF20B41D-07A7-4E50-B293-D924CA2964FC}.Release|Any CPU.Build.0 = Release|Any CPU
		{BB70630B-C647-4D06-BA2A-573E0ADBABFC}.Debug|Any CPU.ActiveCfg = Debug|Any CPU
		{BB70630B-C647-4D06-BA2A-573E0ADBABFC}.Debug|Any CPU.Build.0 = Debug|Any CPU
		{BB70630B-C647-4D06-BA2A-573E0ADBABFC}.Release|Any CPU.ActiveCfg = Release|Any CPU
		{BB70630B-C647-4D06-BA2A-573E0ADBABFC}.Release|Any CPU.Build.0 = Release|Any CPU
		{0C0A8E72-D7DD-4CCF-9C49-91831A9BFF3C}.Debug|Any CPU.ActiveCfg = Debug|Any CPU
		{0C0A8E72-D7DD-4CCF-9C49-91831A9BFF3C}.Debug|Any CPU.Build.0 = Debug|Any CPU
		{0C0A8E72-D7DD-4CCF-9C49-91831A9BFF3C}.Release|Any CPU.ActiveCfg = Release|Any CPU
		{0C0A8E72-D7DD-4CCF-9C49-91831A9BFF3C}.Release|Any CPU.Build.0 = Release|Any CPU
		{8D2E0D68-D58D-41E2-805E-08863B2E894F}.Debug|Any CPU.ActiveCfg = Debug|Any CPU
		{8D2E0D68-D58D-41E2-805E-08863B2E894F}.Debug|Any CPU.Build.0 = Debug|Any CPU
		{8D2E0D68-D58D-41E2-805E-08863B2E894F}.Release|Any CPU.ActiveCfg = Release|Any CPU
		{8D2E0D68-D58D-41E2-805E-08863B2E894F}.Release|Any CPU.Build.0 = Release|Any CPU
		{36C28090-A18B-41BE-A148-BAC1A4E546B3}.Debug|Any CPU.ActiveCfg = Debug|Any CPU
		{36C28090-A18B-41BE-A148-BAC1A4E546B3}.Debug|Any CPU.Build.0 = Debug|Any CPU
		{36C28090-A18B-41BE-A148-BAC1A4E546B3}.Release|Any CPU.ActiveCfg = Release|Any CPU
		{36C28090-A18B-41BE-A148-BAC1A4E546B3}.Release|Any CPU.Build.0 = Release|Any CPU
		{4CC46C07-DB38-4995-9ABF-DC5430BF81EE}.Debug|Any CPU.ActiveCfg = Debug|Any CPU
		{4CC46C07-DB38-4995-9ABF-DC5430BF81EE}.Debug|Any CPU.Build.0 = Debug|Any CPU
		{4CC46C07-DB38-4995-9ABF-DC5430BF81EE}.Release|Any CPU.ActiveCfg = Release|Any CPU
		{4CC46C07-DB38-4995-9ABF-DC5430BF81EE}.Release|Any CPU.Build.0 = Release|Any CPU
		{C3A38412-2C67-4ABF-BA98-59E12CC5C7FB}.Debug|Any CPU.ActiveCfg = Debug|Any CPU
		{C3A38412-2C67-4ABF-BA98-59E12CC5C7FB}.Debug|Any CPU.Build.0 = Debug|Any CPU
		{C3A38412-2C67-4ABF-BA98-59E12CC5C7FB}.Release|Any CPU.ActiveCfg = Release|Any CPU
		{C3A38412-2C67-4ABF-BA98-59E12CC5C7FB}.Release|Any CPU.Build.0 = Release|Any CPU
		{6699FFAC-C25E-48FA-B52B-E8A5B85BF611}.Debug|Any CPU.ActiveCfg = Debug|Any CPU
		{6699FFAC-C25E-48FA-B52B-E8A5B85BF611}.Debug|Any CPU.Build.0 = Debug|Any CPU
		{6699FFAC-C25E-48FA-B52B-E8A5B85BF611}.Release|Any CPU.ActiveCfg = Release|Any CPU
		{6699FFAC-C25E-48FA-B52B-E8A5B85BF611}.Release|Any CPU.Build.0 = Release|Any CPU
		{3482463A-FEE7-4582-86A0-259538363C58}.Debug|Any CPU.ActiveCfg = Debug|Any CPU
		{3482463A-FEE7-4582-86A0-259538363C58}.Debug|Any CPU.Build.0 = Debug|Any CPU
		{3482463A-FEE7-4582-86A0-259538363C58}.Release|Any CPU.ActiveCfg = Release|Any CPU
		{3482463A-FEE7-4582-86A0-259538363C58}.Release|Any CPU.Build.0 = Release|Any CPU
		{25B0893F-3E3C-4B40-BDAD-ABA17396A3C6}.Debug|Any CPU.ActiveCfg = Debug|Any CPU
		{25B0893F-3E3C-4B40-BDAD-ABA17396A3C6}.Debug|Any CPU.Build.0 = Debug|Any CPU
		{25B0893F-3E3C-4B40-BDAD-ABA17396A3C6}.Release|Any CPU.ActiveCfg = Release|Any CPU
		{25B0893F-3E3C-4B40-BDAD-ABA17396A3C6}.Release|Any CPU.Build.0 = Release|Any CPU
		{43DBC1D4-BC03-407D-8255-64982364A238}.Debug|Any CPU.ActiveCfg = Debug|Any CPU
		{43DBC1D4-BC03-407D-8255-64982364A238}.Debug|Any CPU.Build.0 = Debug|Any CPU
		{43DBC1D4-BC03-407D-8255-64982364A238}.Release|Any CPU.ActiveCfg = Release|Any CPU
		{43DBC1D4-BC03-407D-8255-64982364A238}.Release|Any CPU.Build.0 = Release|Any CPU
		{89C1305A-66E3-4280-89F3-F19F2B00D779}.Debug|Any CPU.ActiveCfg = Debug|Any CPU
		{89C1305A-66E3-4280-89F3-F19F2B00D779}.Debug|Any CPU.Build.0 = Debug|Any CPU
		{89C1305A-66E3-4280-89F3-F19F2B00D779}.Release|Any CPU.ActiveCfg = Release|Any CPU
		{89C1305A-66E3-4280-89F3-F19F2B00D779}.Release|Any CPU.Build.0 = Release|Any CPU
		{C2909132-F353-458D-B1A4-644D993B9519}.Debug|Any CPU.ActiveCfg = Debug|Any CPU
		{C2909132-F353-458D-B1A4-644D993B9519}.Debug|Any CPU.Build.0 = Debug|Any CPU
		{C2909132-F353-458D-B1A4-644D993B9519}.Release|Any CPU.ActiveCfg = Release|Any CPU
		{C2909132-F353-458D-B1A4-644D993B9519}.Release|Any CPU.Build.0 = Release|Any CPU
		{E51BD098-D04C-489E-99F2-EEBBFDF9A4AE}.Debug|Any CPU.ActiveCfg = Debug|Any CPU
		{E51BD098-D04C-489E-99F2-EEBBFDF9A4AE}.Debug|Any CPU.Build.0 = Debug|Any CPU
		{E51BD098-D04C-489E-99F2-EEBBFDF9A4AE}.Release|Any CPU.ActiveCfg = Release|Any CPU
		{E51BD098-D04C-489E-99F2-EEBBFDF9A4AE}.Release|Any CPU.Build.0 = Release|Any CPU
		{9D51A3A0-608E-4514-9E31-EF6EC84C698A}.Debug|Any CPU.ActiveCfg = Debug|Any CPU
		{9D51A3A0-608E-4514-9E31-EF6EC84C698A}.Debug|Any CPU.Build.0 = Debug|Any CPU
		{9D51A3A0-608E-4514-9E31-EF6EC84C698A}.Release|Any CPU.ActiveCfg = Release|Any CPU
		{9D51A3A0-608E-4514-9E31-EF6EC84C698A}.Release|Any CPU.Build.0 = Release|Any CPU
		{B598A7DC-67F5-4D88-8799-812161FDA26D}.Debug|Any CPU.ActiveCfg = Debug|Any CPU
		{B598A7DC-67F5-4D88-8799-812161FDA26D}.Debug|Any CPU.Build.0 = Debug|Any CPU
		{B598A7DC-67F5-4D88-8799-812161FDA26D}.Release|Any CPU.ActiveCfg = Release|Any CPU
		{B598A7DC-67F5-4D88-8799-812161FDA26D}.Release|Any CPU.Build.0 = Release|Any CPU
		{117ADED1-CEC7-4934-8EE4-5C1B80DF7F55}.Debug|Any CPU.ActiveCfg = Debug|Any CPU
		{117ADED1-CEC7-4934-8EE4-5C1B80DF7F55}.Debug|Any CPU.Build.0 = Debug|Any CPU
		{117ADED1-CEC7-4934-8EE4-5C1B80DF7F55}.Release|Any CPU.ActiveCfg = Release|Any CPU
		{117ADED1-CEC7-4934-8EE4-5C1B80DF7F55}.Release|Any CPU.Build.0 = Release|Any CPU
		{6AF9519D-CDCF-4176-AE92-449C8E9A43C1}.Debug|Any CPU.ActiveCfg = Debug|Any CPU
		{6AF9519D-CDCF-4176-AE92-449C8E9A43C1}.Debug|Any CPU.Build.0 = Debug|Any CPU
		{6AF9519D-CDCF-4176-AE92-449C8E9A43C1}.Release|Any CPU.ActiveCfg = Release|Any CPU
		{6AF9519D-CDCF-4176-AE92-449C8E9A43C1}.Release|Any CPU.Build.0 = Release|Any CPU
		{E8D7A7BC-19C2-41AC-BE4F-9E17797B5C19}.Debug|Any CPU.ActiveCfg = Debug|Any CPU
		{E8D7A7BC-19C2-41AC-BE4F-9E17797B5C19}.Debug|Any CPU.Build.0 = Debug|Any CPU
		{E8D7A7BC-19C2-41AC-BE4F-9E17797B5C19}.Release|Any CPU.ActiveCfg = Release|Any CPU
		{E8D7A7BC-19C2-41AC-BE4F-9E17797B5C19}.Release|Any CPU.Build.0 = Release|Any CPU
		{873B2535-8462-4E4F-80E0-B4E17516D5E2}.Debug|Any CPU.ActiveCfg = Debug|Any CPU
		{873B2535-8462-4E4F-80E0-B4E17516D5E2}.Debug|Any CPU.Build.0 = Debug|Any CPU
		{873B2535-8462-4E4F-80E0-B4E17516D5E2}.Release|Any CPU.ActiveCfg = Release|Any CPU
		{873B2535-8462-4E4F-80E0-B4E17516D5E2}.Release|Any CPU.Build.0 = Release|Any CPU
		{AA5A92D3-9941-4BA3-ADE5-3546E78F6D3F}.Debug|Any CPU.ActiveCfg = Debug|Any CPU
		{AA5A92D3-9941-4BA3-ADE5-3546E78F6D3F}.Debug|Any CPU.Build.0 = Debug|Any CPU
		{AA5A92D3-9941-4BA3-ADE5-3546E78F6D3F}.Release|Any CPU.ActiveCfg = Release|Any CPU
		{AA5A92D3-9941-4BA3-ADE5-3546E78F6D3F}.Release|Any CPU.Build.0 = Release|Any CPU
		{BF3459AE-6759-4F7B-ACC8-200422550D99}.Debug|Any CPU.ActiveCfg = Debug|Any CPU
		{BF3459AE-6759-4F7B-ACC8-200422550D99}.Debug|Any CPU.Build.0 = Debug|Any CPU
		{BF3459AE-6759-4F7B-ACC8-200422550D99}.Release|Any CPU.ActiveCfg = Release|Any CPU
		{BF3459AE-6759-4F7B-ACC8-200422550D99}.Release|Any CPU.Build.0 = Release|Any CPU
		{A14D0E77-C2FF-49D8-8815-F0ECED224071}.Debug|Any CPU.ActiveCfg = Debug|Any CPU
		{A14D0E77-C2FF-49D8-8815-F0ECED224071}.Debug|Any CPU.Build.0 = Debug|Any CPU
		{A14D0E77-C2FF-49D8-8815-F0ECED224071}.Release|Any CPU.ActiveCfg = Release|Any CPU
		{A14D0E77-C2FF-49D8-8815-F0ECED224071}.Release|Any CPU.Build.0 = Release|Any CPU
		{08A3CE2E-2A54-4F42-BF27-90F1E29C6245}.Debug|Any CPU.ActiveCfg = Debug|Any CPU
		{08A3CE2E-2A54-4F42-BF27-90F1E29C6245}.Debug|Any CPU.Build.0 = Debug|Any CPU
		{08A3CE2E-2A54-4F42-BF27-90F1E29C6245}.Release|Any CPU.ActiveCfg = Release|Any CPU
		{08A3CE2E-2A54-4F42-BF27-90F1E29C6245}.Release|Any CPU.Build.0 = Release|Any CPU
		{D4BB025D-B71D-4960-A63F-5C3DCE5F1D1A}.Debug|Any CPU.ActiveCfg = Debug|Any CPU
		{D4BB025D-B71D-4960-A63F-5C3DCE5F1D1A}.Debug|Any CPU.Build.0 = Debug|Any CPU
		{D4BB025D-B71D-4960-A63F-5C3DCE5F1D1A}.Release|Any CPU.ActiveCfg = Release|Any CPU
		{D4BB025D-B71D-4960-A63F-5C3DCE5F1D1A}.Release|Any CPU.Build.0 = Release|Any CPU
		{3856F2D3-8080-437B-B870-C41EC6168A88}.Debug|Any CPU.ActiveCfg = Debug|Any CPU
		{3856F2D3-8080-437B-B870-C41EC6168A88}.Debug|Any CPU.Build.0 = Debug|Any CPU
		{3856F2D3-8080-437B-B870-C41EC6168A88}.Release|Any CPU.ActiveCfg = Release|Any CPU
		{3856F2D3-8080-437B-B870-C41EC6168A88}.Release|Any CPU.Build.0 = Release|Any CPU
		{8ABA9CCE-A464-47DF-955E-F8A499074C50}.Debug|Any CPU.ActiveCfg = Debug|Any CPU
		{8ABA9CCE-A464-47DF-955E-F8A499074C50}.Debug|Any CPU.Build.0 = Debug|Any CPU
		{8ABA9CCE-A464-47DF-955E-F8A499074C50}.Release|Any CPU.ActiveCfg = Release|Any CPU
		{8ABA9CCE-A464-47DF-955E-F8A499074C50}.Release|Any CPU.Build.0 = Release|Any CPU
		{21F5FF6D-B6DB-4338-8BF5-37DEA62F13E0}.Debug|Any CPU.ActiveCfg = Debug|Any CPU
		{21F5FF6D-B6DB-4338-8BF5-37DEA62F13E0}.Debug|Any CPU.Build.0 = Debug|Any CPU
		{21F5FF6D-B6DB-4338-8BF5-37DEA62F13E0}.Release|Any CPU.ActiveCfg = Release|Any CPU
		{21F5FF6D-B6DB-4338-8BF5-37DEA62F13E0}.Release|Any CPU.Build.0 = Release|Any CPU
		{A5F444D0-6944-4D57-81EC-9CCA13F79B79}.Debug|Any CPU.ActiveCfg = Debug|Any CPU
		{A5F444D0-6944-4D57-81EC-9CCA13F79B79}.Debug|Any CPU.Build.0 = Debug|Any CPU
		{A5F444D0-6944-4D57-81EC-9CCA13F79B79}.Release|Any CPU.ActiveCfg = Release|Any CPU
		{A5F444D0-6944-4D57-81EC-9CCA13F79B79}.Release|Any CPU.Build.0 = Release|Any CPU
		{B561F19D-6B6D-4365-BF96-8A673CC99324}.Debug|Any CPU.ActiveCfg = Debug|Any CPU
		{B561F19D-6B6D-4365-BF96-8A673CC99324}.Debug|Any CPU.Build.0 = Debug|Any CPU
		{B561F19D-6B6D-4365-BF96-8A673CC99324}.Release|Any CPU.ActiveCfg = Release|Any CPU
		{B561F19D-6B6D-4365-BF96-8A673CC99324}.Release|Any CPU.Build.0 = Release|Any CPU
		{786A0356-BA6C-441B-8D36-18E812D7E9CE}.Debug|Any CPU.ActiveCfg = Debug|Any CPU
		{786A0356-BA6C-441B-8D36-18E812D7E9CE}.Debug|Any CPU.Build.0 = Debug|Any CPU
		{786A0356-BA6C-441B-8D36-18E812D7E9CE}.Release|Any CPU.ActiveCfg = Release|Any CPU
		{786A0356-BA6C-441B-8D36-18E812D7E9CE}.Release|Any CPU.Build.0 = Release|Any CPU
		{FB098336-9A31-4C8B-9FB6-5DA7B5A74334}.Debug|Any CPU.ActiveCfg = Debug|Any CPU
		{FB098336-9A31-4C8B-9FB6-5DA7B5A74334}.Debug|Any CPU.Build.0 = Debug|Any CPU
		{FB098336-9A31-4C8B-9FB6-5DA7B5A74334}.Release|Any CPU.ActiveCfg = Release|Any CPU
		{FB098336-9A31-4C8B-9FB6-5DA7B5A74334}.Release|Any CPU.Build.0 = Release|Any CPU
		{8936E6E8-4C47-4AE2-9307-093C07B99F7E}.Debug|Any CPU.ActiveCfg = Debug|Any CPU
		{8936E6E8-4C47-4AE2-9307-093C07B99F7E}.Debug|Any CPU.Build.0 = Debug|Any CPU
		{8936E6E8-4C47-4AE2-9307-093C07B99F7E}.Release|Any CPU.ActiveCfg = Release|Any CPU
		{8936E6E8-4C47-4AE2-9307-093C07B99F7E}.Release|Any CPU.Build.0 = Release|Any CPU
		{3E64DB0E-B4E0-4CA3-9279-153FE5ED69A5}.Debug|Any CPU.ActiveCfg = Debug|Any CPU
		{3E64DB0E-B4E0-4CA3-9279-153FE5ED69A5}.Debug|Any CPU.Build.0 = Debug|Any CPU
		{3E64DB0E-B4E0-4CA3-9279-153FE5ED69A5}.Release|Any CPU.ActiveCfg = Release|Any CPU
		{3E64DB0E-B4E0-4CA3-9279-153FE5ED69A5}.Release|Any CPU.Build.0 = Release|Any CPU
	EndGlobalSection
	GlobalSection(SolutionProperties) = preSolution
		HideSolutionNode = FALSE
	EndGlobalSection
	GlobalSection(ExtensibilityGlobals) = postSolution
		SolutionGuid = {89FCEA6B-75D0-4262-8073-A0E5DB1EAFC6}
	EndGlobalSection
EndGlobal
