
Microsoft Visual Studio Solution File, Format Version 12.00
# Visual Studio Version 16
VisualStudioVersion = 16.0.30621.155
MinimumVisualStudioVersion = 10.0.40219.1
Project("{9A19103F-16F7-4668-BE54-9A1E7A4F7556}") = "DebugDemo", "DebugDemo\DebugDemo.csproj", "{0A9EC1CD-B027-4070-AEA9-C3EBF4A827DD}"
EndProject
Project("{9A19103F-16F7-4668-BE54-9A1E7A4F7556}") = "ConsoleDemo", "ConsoleDemo\ConsoleDemo.csproj", "{12FCEB2E-96C4-4B26-855E-2673FFDEBB41}"
EndProject
Project("{9A19103F-16F7-4668-BE54-9A1E7A4F7556}") = "sandkasse", "sandkasse\sandkasse.csproj", "{49ABB996-7762-4486-8F07-537B2F6EF50B}"
EndProject
Project("{9A19103F-16F7-4668-BE54-9A1E7A4F7556}") = "opgave401", "opgave401\opgave401.csproj", "{CF20B41D-07A7-4E50-B293-D924CA2964FC}"
EndProject
Project("{FAE04EC0-301F-11D3-BF4B-00C04F79EFBC}") = "opgave481", "opgave481\opgave481.csproj", "{BB70630B-C647-4D06-BA2A-573E0ADBABFC}"
EndProject
Project("{FAE04EC0-301F-11D3-BF4B-00C04F79EFBC}") = "opgave50x", "opgave50x\opgave50x.csproj", "{0C0A8E72-D7DD-4CCF-9C49-91831A9BFF3C}"
EndProject
Project("{FAE04EC0-301F-11D3-BF4B-00C04F79EFBC}") = "opgave6012", "opgave6012\opgave6012.csproj", "{8D2E0D68-D58D-41E2-805E-08863B2E894F}"
EndProject
Project("{FAE04EC0-301F-11D3-BF4B-00C04F79EFBC}") = "opgave652", "opgave652\opgave652.csproj", "{36C28090-A18B-41BE-A148-BAC1A4E546B3}"
EndProject
Global
	GlobalSection(SolutionConfigurationPlatforms) = preSolution
		Debug|Any CPU = Debug|Any CPU
		Release|Any CPU = Release|Any CPU
	EndGlobalSection
	GlobalSection(ProjectConfigurationPlatforms) = postSolution
		{0A9EC1CD-B027-4070-AEA9-C3EBF4A827DD}.Debug|Any CPU.ActiveCfg = Debug|Any CPU
		{0A9EC1CD-B027-4070-AEA9-C3EBF4A827DD}.Debug|Any CPU.Build.0 = Debug|Any CPU
		{0A9EC1CD-B027-4070-AEA9-C3EBF4A827DD}.Release|Any CPU.ActiveCfg = Release|Any CPU
		{0A9EC1CD-B027-4070-AEA9-C3EBF4A827DD}.Release|Any CPU.Build.0 = Release|Any CPU
		{12FCEB2E-96C4-4B26-855E-2673FFDEBB41}.Debug|Any CPU.ActiveCfg = Debug|Any CPU
		{12FCEB2E-96C4-4B26-855E-2673FFDEBB41}.Debug|Any CPU.Build.0 = Debug|Any CPU
		{12FCEB2E-96C4-4B26-855E-2673FFDEBB41}.Release|Any CPU.ActiveCfg = Release|Any CPU
		{12FCEB2E-96C4-4B26-855E-2673FFDEBB41}.Release|Any CPU.Build.0 = Release|Any CPU
		{49ABB996-7762-4486-8F07-537B2F6EF50B}.Debug|Any CPU.ActiveCfg = Debug|Any CPU
		{49ABB996-7762-4486-8F07-537B2F6EF50B}.Debug|Any CPU.Build.0 = Debug|Any CPU
		{49ABB996-7762-4486-8F07-537B2F6EF50B}.Release|Any CPU.ActiveCfg = Release|Any CPU
		{49ABB996-7762-4486-8F07-537B2F6EF50B}.Release|Any CPU.Build.0 = Release|Any CPU
		{CF20B41D-07A7-4E50-B293-D924CA2964FC}.Debug|Any CPU.ActiveCfg = Debug|Any CPU
		{CF20B41D-07A7-4E50-B293-D924CA2964FC}.Debug|Any CPU.Build.0 = Debug|Any CPU
		{CF20B41D-07A7-4E50-B293-D924CA2964FC}.Release|Any CPU.ActiveCfg = Release|Any CPU
		{CF20B41D-07A7-4E50-B293-D924CA2964FC}.Release|Any CPU.Build.0 = Release|Any CPU
		{BB70630B-C647-4D06-BA2A-573E0ADBABFC}.Debug|Any CPU.ActiveCfg = Debug|Any CPU
		{BB70630B-C647-4D06-BA2A-573E0ADBABFC}.Debug|Any CPU.Build.0 = Debug|Any CPU
		{BB70630B-C647-4D06-BA2A-573E0ADBABFC}.Release|Any CPU.ActiveCfg = Release|Any CPU
		{BB70630B-C647-4D06-BA2A-573E0ADBABFC}.Release|Any CPU.Build.0 = Release|Any CPU
		{0C0A8E72-D7DD-4CCF-9C49-91831A9BFF3C}.Debug|Any CPU.ActiveCfg = Debug|Any CPU
		{0C0A8E72-D7DD-4CCF-9C49-91831A9BFF3C}.Debug|Any CPU.Build.0 = Debug|Any CPU
		{0C0A8E72-D7DD-4CCF-9C49-91831A9BFF3C}.Release|Any CPU.ActiveCfg = Release|Any CPU
		{0C0A8E72-D7DD-4CCF-9C49-91831A9BFF3C}.Release|Any CPU.Build.0 = Release|Any CPU
		{8D2E0D68-D58D-41E2-805E-08863B2E894F}.Debug|Any CPU.ActiveCfg = Debug|Any CPU
		{8D2E0D68-D58D-41E2-805E-08863B2E894F}.Debug|Any CPU.Build.0 = Debug|Any CPU
		{8D2E0D68-D58D-41E2-805E-08863B2E894F}.Release|Any CPU.ActiveCfg = Release|Any CPU
		{8D2E0D68-D58D-41E2-805E-08863B2E894F}.Release|Any CPU.Build.0 = Release|Any CPU
		{36C28090-A18B-41BE-A148-BAC1A4E546B3}.Debug|Any CPU.ActiveCfg = Debug|Any CPU
		{36C28090-A18B-41BE-A148-BAC1A4E546B3}.Debug|Any CPU.Build.0 = Debug|Any CPU
		{36C28090-A18B-41BE-A148-BAC1A4E546B3}.Release|Any CPU.ActiveCfg = Release|Any CPU
		{36C28090-A18B-41BE-A148-BAC1A4E546B3}.Release|Any CPU.Build.0 = Release|Any CPU
	EndGlobalSection
	GlobalSection(SolutionProperties) = preSolution
		HideSolutionNode = FALSE
	EndGlobalSection
	GlobalSection(ExtensibilityGlobals) = postSolution
		SolutionGuid = {89FCEA6B-75D0-4262-8073-A0E5DB1EAFC6}
	EndGlobalSection
EndGlobal
