
Microsoft Visual Studio Solution File, Format Version 12.00
# Visual Studio Version 16
VisualStudioVersion = 16.0.30621.155
MinimumVisualStudioVersion = 10.0.40219.1
Project("{FAE04EC0-301F-11D3-BF4B-00C04F79EFBC}") = "DebugDemo", "DebugDemo\DebugDemo.csproj", "{0A9EC1CD-B027-4070-AEA9-C3EBF4A827DD}"
EndProject
Global
	GlobalSection(SolutionConfigurationPlatforms) = preSolution
		Debug|Any CPU = Debug|Any CPU
		Release|Any CPU = Release|Any CPU
	EndGlobalSection
	GlobalSection(ProjectConfigurationPlatforms) = postSolution
		{0A9EC1CD-B027-4070-AEA9-C3EBF4A827DD}.Debug|Any CPU.ActiveCfg = Debug|Any CPU
		{0A9EC1CD-B027-4070-AEA9-C3EBF4A827DD}.Debug|Any CPU.Build.0 = Debug|Any CPU
		{0A9EC1CD-B027-4070-AEA9-C3EBF4A827DD}.Release|Any CPU.ActiveCfg = Release|Any CPU
		{0A9EC1CD-B027-4070-AEA9-C3EBF4A827DD}.Release|Any CPU.Build.0 = Release|Any CPU
	EndGlobalSection
	GlobalSection(SolutionProperties) = preSolution
		HideSolutionNode = FALSE
	EndGlobalSection
	GlobalSection(ExtensibilityGlobals) = postSolution
		SolutionGuid = {89FCEA6B-75D0-4262-8073-A0E5DB1EAFC6}
	EndGlobalSection
EndGlobal
